lockfileVersion: '9.0'

settings:
  autoInstallPeers: true
  excludeLinksFromLockfile: false

importers:

  .:
    dependencies:
      tibetan-normalizer:
        specifier: ^0.2.0
        version: 0.2.0
      tibetan-sanskrit-transliteration-data:
        specifier: ^0.1.3
        version: 0.1.3

packages:

  tibetan-normalizer@0.2.0:
    resolution: {integrity: sha512-KvqCBvscbxIcI+/2Q2GpUT4ZaRqYYaXwp+cjmdn3TkNIMr/GtLI5Avpfw9WIa0UZlURj2CNv6n2x+WR1auaUqQ==}

  tibetan-sanskrit-transliteration-data@0.1.3:
    resolution: {integrity: sha512-X70oqsQF54QAiBGYiDj4QytY8DY6w2Escp1ewtbUJKDUn/wYSTEjmriBqwognvxQSVvpgGgLW/K256m16ixzCA==}

snapshots:

  tibetan-normalizer@0.2.0: {}

  tibetan-sanskrit-transliteration-data@0.1.3: {}
